// !$*UTF8*$!
{
	archiveVersion = 1;
	classes = {
	};
	objectVersion = 56;
	objects = {

/* Begin PBXBuildFile section */
		6B75218629F3955700E3FF81 /* AppDelegate.swift in Sources */ = {isa = PBXBuildFile; fileRef = 6B75218529F3955700E3FF81 /* AppDelegate.swift */; };
		6B75218829F3955700E3FF81 /* SceneDelegate.swift in Sources */ = {isa = PBXBuildFile; fileRef = 6B75218729F3955700E3FF81 /* SceneDelegate.swift */; };
		6B75218A29F3955700E3FF81 /* ViewController.swift in Sources */ = {isa = PBXBuildFile; fileRef = 6B75218929F3955700E3FF81 /* ViewController.swift */; };
		6B75218D29F3955700E3FF81 /* Main.storyboard in Resources */ = {isa = PBXBuildFile; fileRef = 6B75218B29F3955700E3FF81 /* Main.storyboard */; };
		6B75218F29F3955800E3FF81 /* Assets.xcassets in Resources */ = {isa = PBXBuildFile; fileRef = 6B75218E29F3955800E3FF81 /* Assets.xcassets */; };
		6B75219229F3955800E3FF81 /* LaunchScreen.storyboard in Resources */ = {isa = PBXBuildFile; fileRef = 6B75219029F3955800E3FF81 /* LaunchScreen.storyboard */; };
		6B75219D29F3955800E3FF81 /* DietDiaryAppTests.swift in Sources */ = {isa = PBXBuildFile; fileRef = 6B75219C29F3955800E3FF81 /* DietDiaryAppTests.swift */; };
		6B7521A729F3955800E3FF81 /* DietDiaryAppUITests.swift in Sources */ = {isa = PBXBuildFile; fileRef = 6B7521A629F3955800E3FF81 /* DietDiaryAppUITests.swift */; };
		6B7521A929F3955800E3FF81 /* DietDiaryAppUITestsLaunchTests.swift in Sources */ = {isa = PBXBuildFile; fileRef = 6B7521A829F3955800E3FF81 /* DietDiaryAppUITestsLaunchTests.swift */; };
/* End PBXBuildFile section */

/* Begin PBXContainerItemProxy section */
		6B75219929F3955800E3FF81 /* PBXContainerItemProxy */ = {
			isa = PBXContainerItemProxy;
			containerPortal = 6B75217A29F3955700E3FF81 /* Project object */;
			proxyType = 1;
			remoteGlobalIDString = 6B75218129F3955700E3FF81;
			remoteInfo = DietDiaryApp;
		};
		6B7521A329F3955800E3FF81 /* PBXContainerItemProxy */ = {
			isa = PBXContainerItemProxy;
			containerPortal = 6B75217A29F3955700E3FF81 /* Project object */;
			proxyType = 1;
			remoteGlobalIDString = 6B75218129F3955700E3FF81;
			remoteInfo = DietDiaryApp;
		};
/* End PBXContainerItemProxy section */

/* Begin PBXFileReference section */
		6B75218229F3955700E3FF81 /* DietDiaryApp.app */ = {isa = PBXFileReference; explicitFileType = wrapper.application; includeInIndex = 0; path = DietDiaryApp.app; sourceTree = BUILT_PRODUCTS_DIR; };
		6B75218529F3955700E3FF81 /* AppDelegate.swift */ = {isa = PBXFileReference; lastKnownFileType = sourcecode.swift; path = AppDelegate.swift; sourceTree = "<group>"; };
		6B75218729F3955700E3FF81 /* SceneDelegate.swift */ = {isa = PBXFileReference; lastKnownFileType = sourcecode.swift; path = SceneDelegate.swift; sourceTree = "<group>"; };
		6B75218929F3955700E3FF81 /* ViewController.swift */ = {isa = PBXFileReference; lastKnownFileType = sourcecode.swift; path = ViewController.swift; sourceTree = "<group>"; };
		6B75218C29F3955700E3FF81 /* Base */ = {isa = PBXFileReference; lastKnownFileType = file.storyboard; name = Base; path = Base.lproj/Main.storyboard; sourceTree = "<group>"; };
		6B75218E29F3955800E3FF81 /* Assets.xcassets */ = {isa = PBXFileReference; lastKnownFileType = folder.assetcatalog; path = Assets.xcassets; sourceTree = "<group>"; };
		6B75219129F3955800E3FF81 /* Base */ = {isa = PBXFileReference; lastKnownFileType = file.storyboard; name = Base; path = Base.lproj/LaunchScreen.storyboard; sourceTree = "<group>"; };
		6B75219329F3955800E3FF81 /* Info.plist */ = {isa = PBXFileReference; lastKnownFileType = text.plist.xml; path = Info.plist; sourceTree = "<group>"; };
		6B75219829F3955800E3FF81 /* DietDiaryAppTests.xctest */ = {isa = PBXFileReference; explicitFileType = wrapper.cfbundle; includeInIndex = 0; path = DietDiaryAppTests.xctest; sourceTree = BUILT_PRODUCTS_DIR; };
		6B75219C29F3955800E3FF81 /* DietDiaryAppTests.swift */ = {isa = PBXFileReference; lastKnownFileType = sourcecode.swift; path = DietDiaryAppTests.swift; sourceTree = "<group>"; };
		6B7521A229F3955800E3FF81 /* DietDiaryAppUITests.xctest */ = {isa = PBXFileReference; explicitFileType = wrapper.cfbundle; includeInIndex = 0; path = DietDiaryAppUITests.xctest; sourceTree = BUILT_PRODUCTS_DIR; };
		6B7521A629F3955800E3FF81 /* DietDiaryAppUITests.swift */ = {isa = PBXFileReference; lastKnownFileType = sourcecode.swift; path = DietDiaryAppUITests.swift; sourceTree = "<group>"; };
		6B7521A829F3955800E3FF81 /* DietDiaryAppUITestsLaunchTests.swift */ = {isa = PBXFileReference; lastKnownFileType = sourcecode.swift; path = DietDiaryAppUITestsLaunchTests.swift; sourceTree = "<group>"; };
/* End PBXFileReference section */

/* Begin PBXFrameworksBuildPhase section */
		6B75217F29F3955700E3FF81 /* Frameworks */ = {
			isa = PBXFrameworksBuildPhase;
			buildActionMask = 2147483647;
			files = (
			);
			runOnlyForDeploymentPostprocessing = 0;
		};
		6B75219529F3955800E3FF81 /* Frameworks */ = {
			isa = PBXFrameworksBuildPhase;
			buildActionMask = 2147483647;
			files = (
			);
			runOnlyForDeploymentPostprocessing = 0;
		};
		6B75219F29F3955800E3FF81 /* Frameworks */ = {
			isa = PBXFrameworksBuildPhase;
			buildActionMask = 2147483647;
			files = (
			);
			runOnlyForDeploymentPostprocessing = 0;
		};
/* End PBXFrameworksBuildPhase section */

/* Begin PBXGroup section */
		6B75217929F3955700E3FF81 = {
			isa = PBXGroup;
			children = (
				6B75218429F3955700E3FF81 /* DietDiaryApp */,
				6B75219B29F3955800E3FF81 /* DietDiaryAppTests */,
				6B7521A529F3955800E3FF81 /* DietDiaryAppUITests */,
				6B75218329F3955700E3FF81 /* Products */,
			);
			sourceTree = "<group>";
		};
		6B75218329F3955700E3FF81 /* Products */ = {
			isa = PBXGroup;
			children = (
				6B75218229F3955700E3FF81 /* DietDiaryApp.app */,
				6B75219829F3955800E3FF81 /* DietDiaryAppTests.xctest */,
				6B7521A229F3955800E3FF81 /* DietDiaryAppUITests.xctest */,
			);
			name = Products;
			sourceTree = "<group>";
		};
		6B75218429F3955700E3FF81 /* DietDiaryApp */ = {
			isa = PBXGroup;
			children = (
				6B75218529F3955700E3FF81 /* AppDelegate.swift */,
				6B75218729F3955700E3FF81 /* SceneDelegate.swift */,
				6B75218929F3955700E3FF81 /* ViewController.swift */,
				6B75218B29F3955700E3FF81 /* Main.storyboard */,
				6B75218E29F3955800E3FF81 /* Assets.xcassets */,
				6B75219029F3955800E3FF81 /* LaunchScreen.storyboard */,
				6B75219329F3955800E3FF81 /* Info.plist */,
			);
			path = DietDiaryApp;
			sourceTree = "<group>";
		};
		6B75219B29F3955800E3FF81 /* DietDiaryAppTests */ = {
			isa = PBXGroup;
			children = (
				6B75219C29F3955800E3FF81 /* DietDiaryAppTests.swift */,
			);
			path = DietDiaryAppTests;
			sourceTree = "<group>";
		};
		6B7521A529F3955800E3FF81 /* DietDiaryAppUITests */ = {
			isa = PBXGroup;
			children = (
				6B7521A629F3955800E3FF81 /* DietDiaryAppUITests.swift */,
				6B7521A829F3955800E3FF81 /* DietDiaryAppUITestsLaunchTests.swift */,
			);
			path = DietDiaryAppUITests;
			sourceTree = "<group>";
		};
/* End PBXGroup section */

/* Begin PBXNativeTarget section */
		6B75218129F3955700E3FF81 /* DietDiaryApp */ = {
			isa = PBXNativeTarget;
			buildConfigurationList = 6B7521AC29F3955800E3FF81 /* Build configuration list for PBXNativeTarget "DietDiaryApp" */;
			buildPhases = (
				6B75217E29F3955700E3FF81 /* Sources */,
				6B75217F29F3955700E3FF81 /* Frameworks */,
				6B75218029F3955700E3FF81 /* Resources */,
			);
			buildRules = (
			);
			dependencies = (
			);
			name = DietDiaryApp;
			productName = DietDiaryApp;
			productReference = 6B75218229F3955700E3FF81 /* DietDiaryApp.app */;
			productType = "com.apple.product-type.application";
		};
		6B75219729F3955800E3FF81 /* DietDiaryAppTests */ = {
			isa = PBXNativeTarget;
			buildConfigurationList = 6B7521AF29F3955800E3FF81 /* Build configuration list for PBXNativeTarget "DietDiaryAppTests" */;
			buildPhases = (
				6B75219429F3955800E3FF81 /* Sources */,
				6B75219529F3955800E3FF81 /* Frameworks */,
				6B75219629F3955800E3FF81 /* Resources */,
			);
			buildRules = (
			);
			dependencies = (
				6B75219A29F3955800E3FF81 /* PBXTargetDependency */,
			);
			name = DietDiaryAppTests;
			productName = DietDiaryAppTests;
			productReference = 6B75219829F3955800E3FF81 /* DietDiaryAppTests.xctest */;
			productType = "com.apple.product-type.bundle.unit-test";
		};
		6B7521A129F3955800E3FF81 /* DietDiaryAppUITests */ = {
			isa = PBXNativeTarget;
			buildConfigurationList = 6B7521B229F3955800E3FF81 /* Build configuration list for PBXNativeTarget "DietDiaryAppUITests" */;
			buildPhases = (
				6B75219E29F3955800E3FF81 /* Sources */,
				6B75219F29F3955800E3FF81 /* Frameworks */,
				6B7521A029F3955800E3FF81 /* Resources */,
			);
			buildRules = (
			);
			dependencies = (
				6B7521A429F3955800E3FF81 /* PBXTargetDependency */,
			);
			name = DietDiaryAppUITests;
			productName = DietDiaryAppUITests;
			productReference = 6B7521A229F3955800E3FF81 /* DietDiaryAppUITests.xctest */;
			productType = "com.apple.product-type.bundle.ui-testing";
		};
/* End PBXNativeTarget section */

/* Begin PBXProject section */
		6B75217A29F3955700E3FF81 /* Project object */ = {
			isa = PBXProject;
			attributes = {
				BuildIndependentTargetsInParallel = 1;
				LastSwiftUpdateCheck = 1430;
				LastUpgradeCheck = 1430;
				TargetAttributes = {
					6B75218129F3955700E3FF81 = {
						CreatedOnToolsVersion = 14.3;
					};
					6B75219729F3955800E3FF81 = {
						CreatedOnToolsVersion = 14.3;
						TestTargetID = 6B75218129F3955700E3FF81;
					};
					6B7521A129F3955800E3FF81 = {
						CreatedOnToolsVersion = 14.3;
						TestTargetID = 6B75218129F3955700E3FF81;
					};
				};
			};
			buildConfigurationList = 6B75217D29F3955700E3FF81 /* Build configuration list for PBXProject "DietDiaryApp" */;
			compatibilityVersion = "Xcode 14.0";
			developmentRegion = en;
			hasScannedForEncodings = 0;
			knownRegions = (
				en,
				Base,
			);
			mainGroup = 6B75217929F3955700E3FF81;
			productRefGroup = 6B75218329F3955700E3FF81 /* Products */;
			projectDirPath = "";
			projectRoot = "";
			targets = (
				6B75218129F3955700E3FF81 /* DietDiaryApp */,
				6B75219729F3955800E3FF81 /* DietDiaryAppTests */,
				6B7521A129F3955800E3FF81 /* DietDiaryAppUITests */,
			);
		};
/* End PBXProject section */

/* Begin PBXResourcesBuildPhase section */
		6B75218029F3955700E3FF81 /* Resources */ = {
			isa = PBXResourcesBuildPhase;
			buildActionMask = 2147483647;
			files = (
				6B75219229F3955800E3FF81 /* LaunchScreen.storyboard in Resources */,
				6B75218F29F3955800E3FF81 /* Assets.xcassets in Resources */,
				6B75218D29F3955700E3FF81 /* Main.storyboard in Resources */,
			);
			runOnlyForDeploymentPostprocessing = 0;
		};
		6B75219629F3955800E3FF81 /* Resources */ = {
			isa = PBXResourcesBuildPhase;
			buildActionMask = 2147483647;
			files = (
			);
			runOnlyForDeploymentPostprocessing = 0;
		};
		6B7521A029F3955800E3FF81 /* Resources */ = {
			isa = PBXResourcesBuildPhase;
			buildActionMask = 2147483647;
			files = (
			);
			runOnlyForDeploymentPostprocessing = 0;
		};
/* End PBXResourcesBuildPhase section */

/* Begin PBXSourcesBuildPhase section */
		6B75217E29F3955700E3FF81 /* Sources */ = {
			isa = PBXSourcesBuildPhase;
			buildActionMask = 2147483647;
			files = (
				6B75218A29F3955700E3FF81 /* ViewController.swift in Sources */,
				6B75218629F3955700E3FF81 /* AppDelegate.swift in Sources */,
				6B75218829F3955700E3FF81 /* SceneDelegate.swift in Sources */,
			);
			runOnlyForDeploymentPostprocessing = 0;
		};
		6B75219429F3955800E3FF81 /* Sources */ = {
			isa = PBXSourcesBuildPhase;
			buildActionMask = 2147483647;
			files = (
				6B75219D29F3955800E3FF81 /* DietDiaryAppTests.swift in Sources */,
			);
			runOnlyForDeploymentPostprocessing = 0;
		};
		6B75219E29F3955800E3FF81 /* Sources */ = {
			isa = PBXSourcesBuildPhase;
			buildActionMask = 2147483647;
			files = (
				6B7521A929F3955800E3FF81 /* DietDiaryAppUITestsLaunchTests.swift in Sources */,
				6B7521A729F3955800E3FF81 /* DietDiaryAppUITests.swift in Sources */,
			);
			runOnlyForDeploymentPostprocessing = 0;
		};
/* End PBXSourcesBuildPhase section */

/* Begin PBXTargetDependency section */
		6B75219A29F3955800E3FF81 /* PBXTargetDependency */ = {
			isa = PBXTargetDependency;
			target = 6B75218129F3955700E3FF81 /* DietDiaryApp */;
			targetProxy = 6B75219929F3955800E3FF81 /* PBXContainerItemProxy */;
		};
		6B7521A429F3955800E3FF81 /* PBXTargetDependency */ = {
			isa = PBXTargetDependency;
			target = 6B75218129F3955700E3FF81 /* DietDiaryApp */;
			targetProxy = 6B7521A329F3955800E3FF81 /* PBXContainerItemProxy */;
		};
/* End PBXTargetDependency section */

/* Begin PBXVariantGroup section */
		6B75218B29F3955700E3FF81 /* Main.storyboard */ = {
			isa = PBXVariantGroup;
			children = (
				6B75218C29F3955700E3FF81 /* Base */,
			);
			name = Main.storyboard;
			sourceTree = "<group>";
		};
		6B75219029F3955800E3FF81 /* LaunchScreen.storyboard */ = {
			isa = PBXVariantGroup;
			children = (
				6B75219129F3955800E3FF81 /* Base */,
			);
			name = LaunchScreen.storyboard;
			sourceTree = "<group>";
		};
/* End PBXVariantGroup section */

/* Begin XCBuildConfiguration section */
		6B7521AA29F3955800E3FF81 /* Debug */ = {
			isa = XCBuildConfiguration;
			buildSettings = {
				ALWAYS_SEARCH_USER_PATHS = NO;
				CLANG_ANALYZER_NONNULL = YES;
				CLANG_ANALYZER_NUMBER_OBJECT_CONVERSION = YES_AGGRESSIVE;
				CLANG_CXX_LANGUAGE_STANDARD = "gnu++20";
				CLANG_ENABLE_MODULES = YES;
				CLANG_ENABLE_OBJC_ARC = YES;
				CLANG_ENABLE_OBJC_WEAK = YES;
				CLANG_WARN_BLOCK_CAPTURE_AUTORELEASING = YES;
				CLANG_WARN_BOOL_CONVERSION = YES;
				CLANG_WARN_COMMA = YES;
				CLANG_WARN_CONSTANT_CONVERSION = YES;
				CLANG_WARN_DEPRECATED_OBJC_IMPLEMENTATIONS = YES;
				CLANG_WARN_DIRECT_OBJC_ISA_USAGE = YES_ERROR;
				CLANG_WARN_DOCUMENTATION_COMMENTS = YES;
				CLANG_WARN_EMPTY_BODY = YES;
				CLANG_WARN_ENUM_CONVERSION = YES;
				CLANG_WARN_INFINITE_RECURSION = YES;
				CLANG_WARN_INT_CONVERSION = YES;
				CLANG_WARN_NON_LITERAL_NULL_CONVERSION = YES;
				CLANG_WARN_OBJC_IMPLICIT_RETAIN_SELF = YES;
				CLANG_WARN_OBJC_LITERAL_CONVERSION = YES;
				CLANG_WARN_OBJC_ROOT_CLASS = YES_ERROR;
				CLANG_WARN_QUOTED_INCLUDE_IN_FRAMEWORK_HEADER = YES;
				CLANG_WARN_RANGE_LOOP_ANALYSIS = YES;
				CLANG_WARN_STRICT_PROTOTYPES = YES;
				CLANG_WARN_SUSPICIOUS_MOVE = YES;
				CLANG_WARN_UNGUARDED_AVAILABILITY = YES_AGGRESSIVE;
				CLANG_WARN_UNREACHABLE_CODE = YES;
				CLANG_WARN__DUPLICATE_METHOD_MATCH = YES;
				COPY_PHASE_STRIP = NO;
				DEBUG_INFORMATION_FORMAT = dwarf;
				ENABLE_STRICT_OBJC_MSGSEND = YES;
				ENABLE_TESTABILITY = YES;
				GCC_C_LANGUAGE_STANDARD = gnu11;
				GCC_DYNAMIC_NO_PIC = NO;
				GCC_NO_COMMON_BLOCKS = YES;
				GCC_OPTIMIZATION_LEVEL = 0;
				GCC_PREPROCESSOR_DEFINITIONS = (
					"DEBUG=1",
					"$(inherited)",
				);
				GCC_WARN_64_TO_32_BIT_CONVERSION = YES;
				GCC_WARN_ABOUT_RETURN_TYPE = YES_ERROR;
				GCC_WARN_UNDECLARED_SELECTOR = YES;
				GCC_WARN_UNINITIALIZED_AUTOS = YES_AGGRESSIVE;
				GCC_WARN_UNUSED_FUNCTION = YES;
				GCC_WARN_UNUSED_VARIABLE = YES;
				IPHONEOS_DEPLOYMENT_TARGET = 16.4;
				MTL_ENABLE_DEBUG_INFO = INCLUDE_SOURCE;
				MTL_FAST_MATH = YES;
				ONLY_ACTIVE_ARCH = YES;
				SDKROOT = iphoneos;
				SWIFT_ACTIVE_COMPILATION_CONDITIONS = DEBUG;
				SWIFT_OPTIMIZATION_LEVEL = "-Onone";
			};
			name = Debug;
		};
		6B7521AB29F3955800E3FF81 /* Release */ = {
			isa = XCBuildConfiguration;
			buildSettings = {
				ALWAYS_SEARCH_USER_PATHS = NO;
				CLANG_ANALYZER_NONNULL = YES;
				CLANG_ANALYZER_NUMBER_OBJECT_CONVERSION = YES_AGGRESSIVE;
				CLANG_CXX_LANGUAGE_STANDARD = "gnu++20";
				CLANG_ENABLE_MODULES = YES;
				CLANG_ENABLE_OBJC_ARC = YES;
				CLANG_ENABLE_OBJC_WEAK = YES;
				CLANG_WARN_BLOCK_CAPTURE_AUTORELEASING = YES;
				CLANG_WARN_BOOL_CONVERSION = YES;
				CLANG_WARN_COMMA = YES;
				CLANG_WARN_CONSTANT_CONVERSION = YES;
				CLANG_WARN_DEPRECATED_OBJC_IMPLEMENTATIONS = YES;
				CLANG_WARN_DIRECT_OBJC_ISA_USAGE = YES_ERROR;
				CLANG_WARN_DOCUMENTATION_COMMENTS = YES;
				CLANG_WARN_EMPTY_BODY = YES;
				CLANG_WARN_ENUM_CONVERSION = YES;
				CLANG_WARN_INFINITE_RECURSION = YES;
				CLANG_WARN_INT_CONVERSION = YES;
				CLANG_WARN_NON_LITERAL_NULL_CONVERSION = YES;
				CLANG_WARN_OBJC_IMPLICIT_RETAIN_SELF = YES;
				CLANG_WARN_OBJC_LITERAL_CONVERSION = YES;
				CLANG_WARN_OBJC_ROOT_CLASS = YES_ERROR;
				CLANG_WARN_QUOTED_INCLUDE_IN_FRAMEWORK_HEADER = YES;
				CLANG_WARN_RANGE_LOOP_ANALYSIS = YES;
				CLANG_WARN_STRICT_PROTOTYPES = YES;
				CLANG_WARN_SUSPICIOUS_MOVE = YES;
				CLANG_WARN_UNGUARDED_AVAILABILITY = YES_AGGRESSIVE;
				CLANG_WARN_UNREACHABLE_CODE = YES;
				CLANG_WARN__DUPLICATE_METHOD_MATCH = YES;
				COPY_PHASE_STRIP = NO;
				DEBUG_INFORMATION_FORMAT = "dwarf-with-dsym";
				ENABLE_NS_ASSERTIONS = NO;
				ENABLE_STRICT_OBJC_MSGSEND = YES;
				GCC_C_LANGUAGE_STANDARD = gnu11;
				GCC_NO_COMMON_BLOCKS = YES;
				GCC_WARN_64_TO_32_BIT_CONVERSION = YES;
				GCC_WARN_ABOUT_RETURN_TYPE = YES_ERROR;
				GCC_WARN_UNDECLARED_SELECTOR = YES;
				GCC_WARN_UNINITIALIZED_AUTOS = YES_AGGRESSIVE;
				GCC_WARN_UNUSED_FUNCTION = YES;
				GCC_WARN_UNUSED_VARIABLE = YES;
				IPHONEOS_DEPLOYMENT_TARGET = 16.4;
				MTL_ENABLE_DEBUG_INFO = NO;
				MTL_FAST_MATH = YES;
				SDKROOT = iphoneos;
				SWIFT_COMPILATION_MODE = wholemodule;
				SWIFT_OPTIMIZATION_LEVEL = "-O";
				VALIDATE_PRODUCT = YES;
			};
			name = Release;
		};
		6B7521AD29F3955800E3FF81 /* Debug */ = {
			isa = XCBuildConfiguration;
			buildSettings = {
				ASSETCATALOG_COMPILER_APPICON_NAME = AppIcon;
				ASSETCATALOG_COMPILER_GLOBAL_ACCENT_COLOR_NAME = AccentColor;
				CODE_SIGN_STYLE = Automatic;
				CURRENT_PROJECT_VERSION = 1;
				GENERATE_INFOPLIST_FILE = YES;
				INFOPLIST_FILE = DietDiaryApp/Info.plist;
				INFOPLIST_KEY_UIApplicationSupportsIndirectInputEvents = YES;
				INFOPLIST_KEY_UILaunchStoryboardName = LaunchScreen;
				INFOPLIST_KEY_UIMainStoryboardFile = Main;
				INFOPLIST_KEY_UISupportedInterfaceOrientations_iPad = "UIInterfaceOrientationPortrait UIInterfaceOrientationPortraitUpsideDown UIInterfaceOrientationLandscapeLeft UIInterfaceOrientationLandscapeRight";
				INFOPLIST_KEY_UISupportedInterfaceOrientations_iPhone = "UIInterfaceOrientationPortrait UIInterfaceOrientationLandscapeLeft UIInterfaceOrientationLandscapeRight";
				LD_RUNPATH_SEARCH_PATHS = (
					"$(inherited)",
					"@executable_path/Frameworks",
				);
				MARKETING_VERSION = 1.0;
				PRODUCT_BUNDLE_IDENTIFIER = "KANTA-TOKITO.DietDiaryApp";
				PRODUCT_NAME = "$(TARGET_NAME)";
				SWIFT_EMIT_LOC_STRINGS = YES;
				SWIFT_VERSION = 5.0;
				TARGETED_DEVICE_FAMILY = "1,2";
			};
			name = Debug;
		};
		6B7521AE29F3955800E3FF81 /* Release */ = {
			isa = XCBuildConfiguration;
			buildSettings = {
				ASSETCATALOG_COMPILER_APPICON_NAME = AppIcon;
				ASSETCATALOG_COMPILER_GLOBAL_ACCENT_COLOR_NAME = AccentColor;
				CODE_SIGN_STYLE = Automatic;
				CURRENT_PROJECT_VERSION = 1;
				GENERATE_INFOPLIST_FILE = YES;
				INFOPLIST_FILE = DietDiaryApp/Info.plist;
				INFOPLIST_KEY_UIApplicationSupportsIndirectInputEvents = YES;
				INFOPLIST_KEY_UILaunchStoryboardName = LaunchScreen;
				INFOPLIST_KEY_UIMainStoryboardFile = Main;
				INFOPLIST_KEY_UISupportedInterfaceOrientations_iPad = "UIInterfaceOrientationPortrait UIInterfaceOrientationPortraitUpsideDown UIInterfaceOrientationLandscapeLeft UIInterfaceOrientationLandscapeRight";
				INFOPLIST_KEY_UISupportedInterfaceOrientations_iPhone = "UIInterfaceOrientationPortrait UIInterfaceOrientationLandscapeLeft UIInterfaceOrientationLandscapeRight";
				LD_RUNPATH_SEARCH_PATHS = (
					"$(inherited)",
					"@executable_path/Frameworks",
				);
				MARKETING_VERSION = 1.0;
				PRODUCT_BUNDLE_IDENTIFIER = "KANTA-TOKITO.DietDiaryApp";
				PRODUCT_NAME = "$(TARGET_NAME)";
				SWIFT_EMIT_LOC_STRINGS = YES;
				SWIFT_VERSION = 5.0;
				TARGETED_DEVICE_FAMILY = "1,2";
			};
			name = Release;
		};
		6B7521B029F3955800E3FF81 /* Debug */ = {
			isa = XCBuildConfiguration;
			buildSettings = {
				ALWAYS_EMBED_SWIFT_STANDARD_LIBRARIES = YES;
				BUNDLE_LOADER = "$(TEST_HOST)";
				CODE_SIGN_STYLE = Automatic;
				CURRENT_PROJECT_VERSION = 1;
				GENERATE_INFOPLIST_FILE = YES;
				IPHONEOS_DEPLOYMENT_TARGET = 16.4;
				MARKETING_VERSION = 1.0;
				PRODUCT_BUNDLE_IDENTIFIER = "KANTA-TOKITO.DietDiaryAppTests";
				PRODUCT_NAME = "$(TARGET_NAME)";
				SWIFT_EMIT_LOC_STRINGS = NO;
				SWIFT_VERSION = 5.0;
				TARGETED_DEVICE_FAMILY = "1,2";
				TEST_HOST = "$(BUILT_PRODUCTS_DIR)/DietDiaryApp.app/$(BUNDLE_EXECUTABLE_FOLDER_PATH)/DietDiaryApp";
			};
			name = Debug;
		};
		6B7521B129F3955800E3FF81 /* Release */ = {
			isa = XCBuildConfiguration;
			buildSettings = {
				ALWAYS_EMBED_SWIFT_STANDARD_LIBRARIES = YES;
				BUNDLE_LOADER = "$(TEST_HOST)";
				CODE_SIGN_STYLE = Automatic;
				CURRENT_PROJECT_VERSION = 1;
				GENERATE_INFOPLIST_FILE = YES;
				IPHONEOS_DEPLOYMENT_TARGET = 16.4;
				MARKETING_VERSION = 1.0;
				PRODUCT_BUNDLE_IDENTIFIER = "KANTA-TOKITO.DietDiaryAppTests";
				PRODUCT_NAME = "$(TARGET_NAME)";
				SWIFT_EMIT_LOC_STRINGS = NO;
				SWIFT_VERSION = 5.0;
				TARGETED_DEVICE_FAMILY = "1,2";
				TEST_HOST = "$(BUILT_PRODUCTS_DIR)/DietDiaryApp.app/$(BUNDLE_EXECUTABLE_FOLDER_PATH)/DietDiaryApp";
			};
			name = Release;
		};
		6B7521B329F3955800E3FF81 /* Debug */ = {
			isa = XCBuildConfiguration;
			buildSettings = {
				ALWAYS_EMBED_SWIFT_STANDARD_LIBRARIES = YES;
				CODE_SIGN_STYLE = Automatic;
				CURRENT_PROJECT_VERSION = 1;
				GENERATE_INFOPLIST_FILE = YES;
				MARKETING_VERSION = 1.0;
				PRODUCT_BUNDLE_IDENTIFIER = "KANTA-TOKITO.DietDiaryAppUITests";
				PRODUCT_NAME = "$(TARGET_NAME)";
				SWIFT_EMIT_LOC_STRINGS = NO;
				SWIFT_VERSION = 5.0;
				TARGETED_DEVICE_FAMILY = "1,2";
				TEST_TARGET_NAME = DietDiaryApp;
			};
			name = Debug;
		};
		6B7521B429F3955800E3FF81 /* Release */ = {
			isa = XCBuildConfiguration;
			buildSettings = {
				ALWAYS_EMBED_SWIFT_STANDARD_LIBRARIES = YES;
				CODE_SIGN_STYLE = Automatic;
				CURRENT_PROJECT_VERSION = 1;
				GENERATE_INFOPLIST_FILE = YES;
				MARKETING_VERSION = 1.0;
				PRODUCT_BUNDLE_IDENTIFIER = "KANTA-TOKITO.DietDiaryAppUITests";
				PRODUCT_NAME = "$(TARGET_NAME)";
				SWIFT_EMIT_LOC_STRINGS = NO;
				SWIFT_VERSION = 5.0;
				TARGETED_DEVICE_FAMILY = "1,2";
				TEST_TARGET_NAME = DietDiaryApp;
			};
			name = Release;
		};
/* End XCBuildConfiguration section */

/* Begin XCConfigurationList section */
		6B75217D29F3955700E3FF81 /* Build configuration list for PBXProject "DietDiaryApp" */ = {
			isa = XCConfigurationList;
			buildConfigurations = (
				6B7521AA29F3955800E3FF81 /* Debug */,
				6B7521AB29F3955800E3FF81 /* Release */,
			);
			defaultConfigurationIsVisible = 0;
			defaultConfigurationName = Release;
		};
		6B7521AC29F3955800E3FF81 /* Build configuration list for PBXNativeTarget "DietDiaryApp" */ = {
			isa = XCConfigurationList;
			buildConfigurations = (
				6B7521AD29F3955800E3FF81 /* Debug */,
				6B7521AE29F3955800E3FF81 /* Release */,
			);
			defaultConfigurationIsVisible = 0;
			defaultConfigurationName = Release;
		};
		6B7521AF29F3955800E3FF81 /* Build configuration list for PBXNativeTarget "DietDiaryAppTests" */ = {
			isa = XCConfigurationList;
			buildConfigurations = (
				6B7521B029F3955800E3FF81 /* Debug */,
				6B7521B129F3955800E3FF81 /* Release */,
			);
			defaultConfigurationIsVisible = 0;
			defaultConfigurationName = Release;
		};
		6B7521B229F3955800E3FF81 /* Build configuration list for PBXNativeTarget "DietDiaryAppUITests" */ = {
			isa = XCConfigurationList;
			buildConfigurations = (
				6B7521B329F3955800E3FF81 /* Debug */,
				6B7521B429F3955800E3FF81 /* Release */,
			);
			defaultConfigurationIsVisible = 0;
			defaultConfigurationName = Release;
		};
/* End XCConfigurationList section */
	};
	rootObject = 6B75217A29F3955700E3FF81 /* Project object */;
}
