// !$*UTF8*$!
{
	archiveVersion = 1;
	classes = {
	};
	objectVersion = 56;
	objects = {

/* Begin PBXBuildFile section */
		2ECC5E171A731F91D91EAC3B /* Pods_MyDietDiaryApp_MyDietDiaryAppUITests.framework in Frameworks */ = {isa = PBXBuildFile; fileRef = 85B838277003DAF0200B1F9B /* Pods_MyDietDiaryApp_MyDietDiaryAppUITests.framework */; };
		52687F3C8F92FEBCA68838C8 /* Pods_MyDietDiaryAppTests.framework in Frameworks */ = {isa = PBXBuildFile; fileRef = 96260CEC528F5F27411D461B /* Pods_MyDietDiaryAppTests.framework */; };
		676B97E72A55575161882969 /* Pods_MyDietDiaryApp.framework in Frameworks */ = {isa = PBXBuildFile; fileRef = 53F81561D5949AC0F9BCCAA2 /* Pods_MyDietDiaryApp.framework */; };
		6BF3E1CC29EF6FE900FAEB8D /* AppDelegate.swift in Sources */ = {isa = PBXBuildFile; fileRef = 6BF3E1CB29EF6FE900FAEB8D /* AppDelegate.swift */; };
		6BF3E1CE29EF6FE900FAEB8D /* SceneDelegate.swift in Sources */ = {isa = PBXBuildFile; fileRef = 6BF3E1CD29EF6FE900FAEB8D /* SceneDelegate.swift */; };
		6BF3E1D029EF6FE900FAEB8D /* ViewController.swift in Sources */ = {isa = PBXBuildFile; fileRef = 6BF3E1CF29EF6FE900FAEB8D /* ViewController.swift */; };
		6BF3E1D329EF6FEA00FAEB8D /* Main.storyboard in Resources */ = {isa = PBXBuildFile; fileRef = 6BF3E1D129EF6FEA00FAEB8D /* Main.storyboard */; };
		6BF3E1D529EF6FEB00FAEB8D /* Assets.xcassets in Resources */ = {isa = PBXBuildFile; fileRef = 6BF3E1D429EF6FEB00FAEB8D /* Assets.xcassets */; };
		6BF3E1D829EF6FEB00FAEB8D /* LaunchScreen.storyboard in Resources */ = {isa = PBXBuildFile; fileRef = 6BF3E1D629EF6FEB00FAEB8D /* LaunchScreen.storyboard */; };
		6BF3E1E329EF6FEB00FAEB8D /* MyDietDiaryAppTests.swift in Sources */ = {isa = PBXBuildFile; fileRef = 6BF3E1E229EF6FEB00FAEB8D /* MyDietDiaryAppTests.swift */; };
		6BF3E1ED29EF6FEB00FAEB8D /* MyDietDiaryAppUITests.swift in Sources */ = {isa = PBXBuildFile; fileRef = 6BF3E1EC29EF6FEB00FAEB8D /* MyDietDiaryAppUITests.swift */; };
		6BF3E1EF29EF6FEB00FAEB8D /* MyDietDiaryAppUITestsLaunchTests.swift in Sources */ = {isa = PBXBuildFile; fileRef = 6BF3E1EE29EF6FEB00FAEB8D /* MyDietDiaryAppUITestsLaunchTests.swift */; };
		6BF3E1FC29EF722C00FAEB8D /* MainTabBarController.swift in Sources */ = {isa = PBXBuildFile; fileRef = 6BF3E1FB29EF722C00FAEB8D /* MainTabBarController.swift */; };
		6BF3E1FE29EF74E600FAEB8D /* CalendarViewController.swift in Sources */ = {isa = PBXBuildFile; fileRef = 6BF3E1FD29EF74E600FAEB8D /* CalendarViewController.swift */; };
		6BF3E20029EF750500FAEB8D /* GraphViewController.swift in Sources */ = {isa = PBXBuildFile; fileRef = 6BF3E1FF29EF750500FAEB8D /* GraphViewController.swift */; };
/* End PBXBuildFile section */

/* Begin PBXContainerItemProxy section */
		6BF3E1DF29EF6FEB00FAEB8D /* PBXContainerItemProxy */ = {
			isa = PBXContainerItemProxy;
			containerPortal = 6BF3E1C029EF6FE900FAEB8D /* Project object */;
			proxyType = 1;
			remoteGlobalIDString = 6BF3E1C729EF6FE900FAEB8D;
			remoteInfo = MyDietDiaryApp;
		};
		6BF3E1E929EF6FEB00FAEB8D /* PBXContainerItemProxy */ = {
			isa = PBXContainerItemProxy;
			containerPortal = 6BF3E1C029EF6FE900FAEB8D /* Project object */;
			proxyType = 1;
			remoteGlobalIDString = 6BF3E1C729EF6FE900FAEB8D;
			remoteInfo = MyDietDiaryApp;
		};
/* End PBXContainerItemProxy section */

/* Begin PBXFileReference section */
		0362FEE0C6B2DD61FFDA7C54 /* Pods-MyDietDiaryApp.release.xcconfig */ = {isa = PBXFileReference; includeInIndex = 1; lastKnownFileType = text.xcconfig; name = "Pods-MyDietDiaryApp.release.xcconfig"; path = "Target Support Files/Pods-MyDietDiaryApp/Pods-MyDietDiaryApp.release.xcconfig"; sourceTree = "<group>"; };
		301464993AC9CEEA45AB3967 /* Pods-MyDietDiaryAppTests.release.xcconfig */ = {isa = PBXFileReference; includeInIndex = 1; lastKnownFileType = text.xcconfig; name = "Pods-MyDietDiaryAppTests.release.xcconfig"; path = "Target Support Files/Pods-MyDietDiaryAppTests/Pods-MyDietDiaryAppTests.release.xcconfig"; sourceTree = "<group>"; };
		40893B4C8ACEA0D9E006F3DE /* Pods-MyDietDiaryApp-MyDietDiaryAppUITests.debug.xcconfig */ = {isa = PBXFileReference; includeInIndex = 1; lastKnownFileType = text.xcconfig; name = "Pods-MyDietDiaryApp-MyDietDiaryAppUITests.debug.xcconfig"; path = "Target Support Files/Pods-MyDietDiaryApp-MyDietDiaryAppUITests/Pods-MyDietDiaryApp-MyDietDiaryAppUITests.debug.xcconfig"; sourceTree = "<group>"; };
		53F81561D5949AC0F9BCCAA2 /* Pods_MyDietDiaryApp.framework */ = {isa = PBXFileReference; explicitFileType = wrapper.framework; includeInIndex = 0; path = Pods_MyDietDiaryApp.framework; sourceTree = BUILT_PRODUCTS_DIR; };
		699AF4D046D5A3796E79773E /* Pods-MyDietDiaryApp-MyDietDiaryAppUITests.release.xcconfig */ = {isa = PBXFileReference; includeInIndex = 1; lastKnownFileType = text.xcconfig; name = "Pods-MyDietDiaryApp-MyDietDiaryAppUITests.release.xcconfig"; path = "Target Support Files/Pods-MyDietDiaryApp-MyDietDiaryAppUITests/Pods-MyDietDiaryApp-MyDietDiaryAppUITests.release.xcconfig"; sourceTree = "<group>"; };
		6BF3E1C829EF6FE900FAEB8D /* MyDietDiaryApp.app */ = {isa = PBXFileReference; explicitFileType = wrapper.application; includeInIndex = 0; path = MyDietDiaryApp.app; sourceTree = BUILT_PRODUCTS_DIR; };
		6BF3E1CB29EF6FE900FAEB8D /* AppDelegate.swift */ = {isa = PBXFileReference; lastKnownFileType = sourcecode.swift; path = AppDelegate.swift; sourceTree = "<group>"; };
		6BF3E1CD29EF6FE900FAEB8D /* SceneDelegate.swift */ = {isa = PBXFileReference; lastKnownFileType = sourcecode.swift; path = SceneDelegate.swift; sourceTree = "<group>"; };
		6BF3E1CF29EF6FE900FAEB8D /* ViewController.swift */ = {isa = PBXFileReference; lastKnownFileType = sourcecode.swift; path = ViewController.swift; sourceTree = "<group>"; };
		6BF3E1D229EF6FEA00FAEB8D /* Base */ = {isa = PBXFileReference; lastKnownFileType = file.storyboard; name = Base; path = Base.lproj/Main.storyboard; sourceTree = "<group>"; };
		6BF3E1D429EF6FEB00FAEB8D /* Assets.xcassets */ = {isa = PBXFileReference; lastKnownFileType = folder.assetcatalog; path = Assets.xcassets; sourceTree = "<group>"; };
		6BF3E1D729EF6FEB00FAEB8D /* Base */ = {isa = PBXFileReference; lastKnownFileType = file.storyboard; name = Base; path = Base.lproj/LaunchScreen.storyboard; sourceTree = "<group>"; };
		6BF3E1D929EF6FEB00FAEB8D /* Info.plist */ = {isa = PBXFileReference; lastKnownFileType = text.plist.xml; path = Info.plist; sourceTree = "<group>"; };
		6BF3E1DE29EF6FEB00FAEB8D /* MyDietDiaryAppTests.xctest */ = {isa = PBXFileReference; explicitFileType = wrapper.cfbundle; includeInIndex = 0; path = MyDietDiaryAppTests.xctest; sourceTree = BUILT_PRODUCTS_DIR; };
		6BF3E1E229EF6FEB00FAEB8D /* MyDietDiaryAppTests.swift */ = {isa = PBXFileReference; lastKnownFileType = sourcecode.swift; path = MyDietDiaryAppTests.swift; sourceTree = "<group>"; };
		6BF3E1E829EF6FEB00FAEB8D /* MyDietDiaryAppUITests.xctest */ = {isa = PBXFileReference; explicitFileType = wrapper.cfbundle; includeInIndex = 0; path = MyDietDiaryAppUITests.xctest; sourceTree = BUILT_PRODUCTS_DIR; };
		6BF3E1EC29EF6FEB00FAEB8D /* MyDietDiaryAppUITests.swift */ = {isa = PBXFileReference; lastKnownFileType = sourcecode.swift; path = MyDietDiaryAppUITests.swift; sourceTree = "<group>"; };
		6BF3E1EE29EF6FEB00FAEB8D /* MyDietDiaryAppUITestsLaunchTests.swift */ = {isa = PBXFileReference; lastKnownFileType = sourcecode.swift; path = MyDietDiaryAppUITestsLaunchTests.swift; sourceTree = "<group>"; };
		6BF3E1FB29EF722C00FAEB8D /* MainTabBarController.swift */ = {isa = PBXFileReference; lastKnownFileType = sourcecode.swift; path = MainTabBarController.swift; sourceTree = "<group>"; };
		6BF3E1FD29EF74E600FAEB8D /* CalendarViewController.swift */ = {isa = PBXFileReference; lastKnownFileType = sourcecode.swift; path = CalendarViewController.swift; sourceTree = "<group>"; };
		6BF3E1FF29EF750500FAEB8D /* GraphViewController.swift */ = {isa = PBXFileReference; lastKnownFileType = sourcecode.swift; path = GraphViewController.swift; sourceTree = "<group>"; };
		85B838277003DAF0200B1F9B /* Pods_MyDietDiaryApp_MyDietDiaryAppUITests.framework */ = {isa = PBXFileReference; explicitFileType = wrapper.framework; includeInIndex = 0; path = Pods_MyDietDiaryApp_MyDietDiaryAppUITests.framework; sourceTree = BUILT_PRODUCTS_DIR; };
		96260CEC528F5F27411D461B /* Pods_MyDietDiaryAppTests.framework */ = {isa = PBXFileReference; explicitFileType = wrapper.framework; includeInIndex = 0; path = Pods_MyDietDiaryAppTests.framework; sourceTree = BUILT_PRODUCTS_DIR; };
		E69CC15D4780A532FB5CBD59 /* Pods-MyDietDiaryApp.debug.xcconfig */ = {isa = PBXFileReference; includeInIndex = 1; lastKnownFileType = text.xcconfig; name = "Pods-MyDietDiaryApp.debug.xcconfig"; path = "Target Support Files/Pods-MyDietDiaryApp/Pods-MyDietDiaryApp.debug.xcconfig"; sourceTree = "<group>"; };
		EE57FC485CBE8FC72A40B644 /* Pods-MyDietDiaryAppTests.debug.xcconfig */ = {isa = PBXFileReference; includeInIndex = 1; lastKnownFileType = text.xcconfig; name = "Pods-MyDietDiaryAppTests.debug.xcconfig"; path = "Target Support Files/Pods-MyDietDiaryAppTests/Pods-MyDietDiaryAppTests.debug.xcconfig"; sourceTree = "<group>"; };
/* End PBXFileReference section */

/* Begin PBXFrameworksBuildPhase section */
		6BF3E1C529EF6FE900FAEB8D /* Frameworks */ = {
			isa = PBXFrameworksBuildPhase;
			buildActionMask = 2147483647;
			files = (
				676B97E72A55575161882969 /* Pods_MyDietDiaryApp.framework in Frameworks */,
			);
			runOnlyForDeploymentPostprocessing = 0;
		};
		6BF3E1DB29EF6FEB00FAEB8D /* Frameworks */ = {
			isa = PBXFrameworksBuildPhase;
			buildActionMask = 2147483647;
			files = (
				52687F3C8F92FEBCA68838C8 /* Pods_MyDietDiaryAppTests.framework in Frameworks */,
			);
			runOnlyForDeploymentPostprocessing = 0;
		};
		6BF3E1E529EF6FEB00FAEB8D /* Frameworks */ = {
			isa = PBXFrameworksBuildPhase;
			buildActionMask = 2147483647;
			files = (
				2ECC5E171A731F91D91EAC3B /* Pods_MyDietDiaryApp_MyDietDiaryAppUITests.framework in Frameworks */,
			);
			runOnlyForDeploymentPostprocessing = 0;
		};
/* End PBXFrameworksBuildPhase section */

/* Begin PBXGroup section */
		42B0C3CB681A0CB178E5E194 /* Pods */ = {
			isa = PBXGroup;
			children = (
				E69CC15D4780A532FB5CBD59 /* Pods-MyDietDiaryApp.debug.xcconfig */,
				0362FEE0C6B2DD61FFDA7C54 /* Pods-MyDietDiaryApp.release.xcconfig */,
				40893B4C8ACEA0D9E006F3DE /* Pods-MyDietDiaryApp-MyDietDiaryAppUITests.debug.xcconfig */,
				699AF4D046D5A3796E79773E /* Pods-MyDietDiaryApp-MyDietDiaryAppUITests.release.xcconfig */,
				EE57FC485CBE8FC72A40B644 /* Pods-MyDietDiaryAppTests.debug.xcconfig */,
				301464993AC9CEEA45AB3967 /* Pods-MyDietDiaryAppTests.release.xcconfig */,
			);
			path = Pods;
			sourceTree = "<group>";
		};
		6BF3E1BF29EF6FE900FAEB8D = {
			isa = PBXGroup;
			children = (
				6BF3E1CA29EF6FE900FAEB8D /* MyDietDiaryApp */,
				6BF3E1E129EF6FEB00FAEB8D /* MyDietDiaryAppTests */,
				6BF3E1EB29EF6FEB00FAEB8D /* MyDietDiaryAppUITests */,
				6BF3E1C929EF6FE900FAEB8D /* Products */,
				42B0C3CB681A0CB178E5E194 /* Pods */,
				CE1397E30F3B3911DDDB8111 /* Frameworks */,
			);
			sourceTree = "<group>";
		};
		6BF3E1C929EF6FE900FAEB8D /* Products */ = {
			isa = PBXGroup;
			children = (
				6BF3E1C829EF6FE900FAEB8D /* MyDietDiaryApp.app */,
				6BF3E1DE29EF6FEB00FAEB8D /* MyDietDiaryAppTests.xctest */,
				6BF3E1E829EF6FEB00FAEB8D /* MyDietDiaryAppUITests.xctest */,
			);
			name = Products;
			sourceTree = "<group>";
		};
		6BF3E1CA29EF6FE900FAEB8D /* MyDietDiaryApp */ = {
			isa = PBXGroup;
			children = (
				6BF3E1CB29EF6FE900FAEB8D /* AppDelegate.swift */,
				6BF3E1CD29EF6FE900FAEB8D /* SceneDelegate.swift */,
				6BF3E1CF29EF6FE900FAEB8D /* ViewController.swift */,
				6BF3E1D129EF6FEA00FAEB8D /* Main.storyboard */,
				6BF3E1D429EF6FEB00FAEB8D /* Assets.xcassets */,
				6BF3E1D629EF6FEB00FAEB8D /* LaunchScreen.storyboard */,
				6BF3E1D929EF6FEB00FAEB8D /* Info.plist */,
				6BF3E1FB29EF722C00FAEB8D /* MainTabBarController.swift */,
				6BF3E1FD29EF74E600FAEB8D /* CalendarViewController.swift */,
				6BF3E1FF29EF750500FAEB8D /* GraphViewController.swift */,
			);
			path = MyDietDiaryApp;
			sourceTree = "<group>";
		};
		6BF3E1E129EF6FEB00FAEB8D /* MyDietDiaryAppTests */ = {
			isa = PBXGroup;
			children = (
				6BF3E1E229EF6FEB00FAEB8D /* MyDietDiaryAppTests.swift */,
			);
			path = MyDietDiaryAppTests;
			sourceTree = "<group>";
		};
		6BF3E1EB29EF6FEB00FAEB8D /* MyDietDiaryAppUITests */ = {
			isa = PBXGroup;
			children = (
				6BF3E1EC29EF6FEB00FAEB8D /* MyDietDiaryAppUITests.swift */,
				6BF3E1EE29EF6FEB00FAEB8D /* MyDietDiaryAppUITestsLaunchTests.swift */,
			);
			path = MyDietDiaryAppUITests;
			sourceTree = "<group>";
		};
		CE1397E30F3B3911DDDB8111 /* Frameworks */ = {
			isa = PBXGroup;
			children = (
				53F81561D5949AC0F9BCCAA2 /* Pods_MyDietDiaryApp.framework */,
				85B838277003DAF0200B1F9B /* Pods_MyDietDiaryApp_MyDietDiaryAppUITests.framework */,
				96260CEC528F5F27411D461B /* Pods_MyDietDiaryAppTests.framework */,
			);
			name = Frameworks;
			sourceTree = "<group>";
		};
/* End PBXGroup section */

/* Begin PBXNativeTarget section */
		6BF3E1C729EF6FE900FAEB8D /* MyDietDiaryApp */ = {
			isa = PBXNativeTarget;
			buildConfigurationList = 6BF3E1F229EF6FEB00FAEB8D /* Build configuration list for PBXNativeTarget "MyDietDiaryApp" */;
			buildPhases = (
				45E2CEFA7177E0BD261E2A72 /* [CP] Check Pods Manifest.lock */,
				6BF3E1C429EF6FE900FAEB8D /* Sources */,
				6BF3E1C529EF6FE900FAEB8D /* Frameworks */,
				6BF3E1C629EF6FE900FAEB8D /* Resources */,
				9DB69FB63310348FE0CF70E1 /* [CP] Embed Pods Frameworks */,
			);
			buildRules = (
			);
			dependencies = (
			);
			name = MyDietDiaryApp;
			productName = MyDietDiaryApp;
			productReference = 6BF3E1C829EF6FE900FAEB8D /* MyDietDiaryApp.app */;
			productType = "com.apple.product-type.application";
		};
		6BF3E1DD29EF6FEB00FAEB8D /* MyDietDiaryAppTests */ = {
			isa = PBXNativeTarget;
			buildConfigurationList = 6BF3E1F529EF6FEB00FAEB8D /* Build configuration list for PBXNativeTarget "MyDietDiaryAppTests" */;
			buildPhases = (
				2B58CF92365FEBBCCEB9F398 /* [CP] Check Pods Manifest.lock */,
				6BF3E1DA29EF6FEB00FAEB8D /* Sources */,
				6BF3E1DB29EF6FEB00FAEB8D /* Frameworks */,
				6BF3E1DC29EF6FEB00FAEB8D /* Resources */,
			);
			buildRules = (
			);
			dependencies = (
				6BF3E1E029EF6FEB00FAEB8D /* PBXTargetDependency */,
			);
			name = MyDietDiaryAppTests;
			productName = MyDietDiaryAppTests;
			productReference = 6BF3E1DE29EF6FEB00FAEB8D /* MyDietDiaryAppTests.xctest */;
			productType = "com.apple.product-type.bundle.unit-test";
		};
		6BF3E1E729EF6FEB00FAEB8D /* MyDietDiaryAppUITests */ = {
			isa = PBXNativeTarget;
			buildConfigurationList = 6BF3E1F829EF6FEB00FAEB8D /* Build configuration list for PBXNativeTarget "MyDietDiaryAppUITests" */;
			buildPhases = (
				9B44487FE49D4FD5A28AEBB0 /* [CP] Check Pods Manifest.lock */,
				6BF3E1E429EF6FEB00FAEB8D /* Sources */,
				6BF3E1E529EF6FEB00FAEB8D /* Frameworks */,
				6BF3E1E629EF6FEB00FAEB8D /* Resources */,
				5FF09BCC4E4109639A2DE1F8 /* [CP] Embed Pods Frameworks */,
			);
			buildRules = (
			);
			dependencies = (
				6BF3E1EA29EF6FEB00FAEB8D /* PBXTargetDependency */,
			);
			name = MyDietDiaryAppUITests;
			productName = MyDietDiaryAppUITests;
			productReference = 6BF3E1E829EF6FEB00FAEB8D /* MyDietDiaryAppUITests.xctest */;
			productType = "com.apple.product-type.bundle.ui-testing";
		};
/* End PBXNativeTarget section */

/* Begin PBXProject section */
		6BF3E1C029EF6FE900FAEB8D /* Project object */ = {
			isa = PBXProject;
			attributes = {
				BuildIndependentTargetsInParallel = 1;
				LastSwiftUpdateCheck = 1430;
				LastUpgradeCheck = 1430;
				TargetAttributes = {
					6BF3E1C729EF6FE900FAEB8D = {
						CreatedOnToolsVersion = 14.3;
					};
					6BF3E1DD29EF6FEB00FAEB8D = {
						CreatedOnToolsVersion = 14.3;
						TestTargetID = 6BF3E1C729EF6FE900FAEB8D;
					};
					6BF3E1E729EF6FEB00FAEB8D = {
						CreatedOnToolsVersion = 14.3;
						TestTargetID = 6BF3E1C729EF6FE900FAEB8D;
					};
				};
			};
			buildConfigurationList = 6BF3E1C329EF6FE900FAEB8D /* Build configuration list for PBXProject "MyDietDiaryApp" */;
			compatibilityVersion = "Xcode 14.0";
			developmentRegion = en;
			hasScannedForEncodings = 0;
			knownRegions = (
				en,
				Base,
			);
			mainGroup = 6BF3E1BF29EF6FE900FAEB8D;
			productRefGroup = 6BF3E1C929EF6FE900FAEB8D /* Products */;
			projectDirPath = "";
			projectRoot = "";
			targets = (
				6BF3E1C729EF6FE900FAEB8D /* MyDietDiaryApp */,
				6BF3E1DD29EF6FEB00FAEB8D /* MyDietDiaryAppTests */,
				6BF3E1E729EF6FEB00FAEB8D /* MyDietDiaryAppUITests */,
			);
		};
/* End PBXProject section */

/* Begin PBXResourcesBuildPhase section */
		6BF3E1C629EF6FE900FAEB8D /* Resources */ = {
			isa = PBXResourcesBuildPhase;
			buildActionMask = 2147483647;
			files = (
				6BF3E1D829EF6FEB00FAEB8D /* LaunchScreen.storyboard in Resources */,
				6BF3E1D529EF6FEB00FAEB8D /* Assets.xcassets in Resources */,
				6BF3E1D329EF6FEA00FAEB8D /* Main.storyboard in Resources */,
			);
			runOnlyForDeploymentPostprocessing = 0;
		};
		6BF3E1DC29EF6FEB00FAEB8D /* Resources */ = {
			isa = PBXResourcesBuildPhase;
			buildActionMask = 2147483647;
			files = (
			);
			runOnlyForDeploymentPostprocessing = 0;
		};
		6BF3E1E629EF6FEB00FAEB8D /* Resources */ = {
			isa = PBXResourcesBuildPhase;
			buildActionMask = 2147483647;
			files = (
			);
			runOnlyForDeploymentPostprocessing = 0;
		};
/* End PBXResourcesBuildPhase section */

/* Begin PBXShellScriptBuildPhase section */
		2B58CF92365FEBBCCEB9F398 /* [CP] Check Pods Manifest.lock */ = {
			isa = PBXShellScriptBuildPhase;
			buildActionMask = 2147483647;
			files = (
			);
			inputFileListPaths = (
			);
			inputPaths = (
				"${PODS_PODFILE_DIR_PATH}/Podfile.lock",
				"${PODS_ROOT}/Manifest.lock",
			);
			name = "[CP] Check Pods Manifest.lock";
			outputFileListPaths = (
			);
			outputPaths = (
				"$(DERIVED_FILE_DIR)/Pods-MyDietDiaryAppTests-checkManifestLockResult.txt",
			);
			runOnlyForDeploymentPostprocessing = 0;
			shellPath = /bin/sh;
			shellScript = "diff \"${PODS_PODFILE_DIR_PATH}/Podfile.lock\" \"${PODS_ROOT}/Manifest.lock\" > /dev/null\nif [ $? != 0 ] ; then\n    # print error to STDERR\n    echo \"error: The sandbox is not in sync with the Podfile.lock. Run 'pod install' or update your CocoaPods installation.\" >&2\n    exit 1\nfi\n# This output is used by Xcode 'outputs' to avoid re-running this script phase.\necho \"SUCCESS\" > \"${SCRIPT_OUTPUT_FILE_0}\"\n";
			showEnvVarsInLog = 0;
		};
		45E2CEFA7177E0BD261E2A72 /* [CP] Check Pods Manifest.lock */ = {
			isa = PBXShellScriptBuildPhase;
			buildActionMask = 2147483647;
			files = (
			);
			inputFileListPaths = (
			);
			inputPaths = (
				"${PODS_PODFILE_DIR_PATH}/Podfile.lock",
				"${PODS_ROOT}/Manifest.lock",
			);
			name = "[CP] Check Pods Manifest.lock";
			outputFileListPaths = (
			);
			outputPaths = (
				"$(DERIVED_FILE_DIR)/Pods-MyDietDiaryApp-checkManifestLockResult.txt",
			);
			runOnlyForDeploymentPostprocessing = 0;
			shellPath = /bin/sh;
			shellScript = "diff \"${PODS_PODFILE_DIR_PATH}/Podfile.lock\" \"${PODS_ROOT}/Manifest.lock\" > /dev/null\nif [ $? != 0 ] ; then\n    # print error to STDERR\n    echo \"error: The sandbox is not in sync with the Podfile.lock. Run 'pod install' or update your CocoaPods installation.\" >&2\n    exit 1\nfi\n# This output is used by Xcode 'outputs' to avoid re-running this script phase.\necho \"SUCCESS\" > \"${SCRIPT_OUTPUT_FILE_0}\"\n";
			showEnvVarsInLog = 0;
		};
		5FF09BCC4E4109639A2DE1F8 /* [CP] Embed Pods Frameworks */ = {
			isa = PBXShellScriptBuildPhase;
			buildActionMask = 2147483647;
			files = (
			);
			inputFileListPaths = (
				"${PODS_ROOT}/Target Support Files/Pods-MyDietDiaryApp-MyDietDiaryAppUITests/Pods-MyDietDiaryApp-MyDietDiaryAppUITests-frameworks-${CONFIGURATION}-input-files.xcfilelist",
			);
			name = "[CP] Embed Pods Frameworks";
			outputFileListPaths = (
				"${PODS_ROOT}/Target Support Files/Pods-MyDietDiaryApp-MyDietDiaryAppUITests/Pods-MyDietDiaryApp-MyDietDiaryAppUITests-frameworks-${CONFIGURATION}-output-files.xcfilelist",
			);
			runOnlyForDeploymentPostprocessing = 0;
			shellPath = /bin/sh;
			shellScript = "\"${PODS_ROOT}/Target Support Files/Pods-MyDietDiaryApp-MyDietDiaryAppUITests/Pods-MyDietDiaryApp-MyDietDiaryAppUITests-frameworks.sh\"\n";
			showEnvVarsInLog = 0;
		};
		9B44487FE49D4FD5A28AEBB0 /* [CP] Check Pods Manifest.lock */ = {
			isa = PBXShellScriptBuildPhase;
			buildActionMask = 2147483647;
			files = (
			);
			inputFileListPaths = (
			);
			inputPaths = (
				"${PODS_PODFILE_DIR_PATH}/Podfile.lock",
				"${PODS_ROOT}/Manifest.lock",
			);
			name = "[CP] Check Pods Manifest.lock";
			outputFileListPaths = (
			);
			outputPaths = (
				"$(DERIVED_FILE_DIR)/Pods-MyDietDiaryApp-MyDietDiaryAppUITests-checkManifestLockResult.txt",
			);
			runOnlyForDeploymentPostprocessing = 0;
			shellPath = /bin/sh;
			shellScript = "diff \"${PODS_PODFILE_DIR_PATH}/Podfile.lock\" \"${PODS_ROOT}/Manifest.lock\" > /dev/null\nif [ $? != 0 ] ; then\n    # print error to STDERR\n    echo \"error: The sandbox is not in sync with the Podfile.lock. Run 'pod install' or update your CocoaPods installation.\" >&2\n    exit 1\nfi\n# This output is used by Xcode 'outputs' to avoid re-running this script phase.\necho \"SUCCESS\" > \"${SCRIPT_OUTPUT_FILE_0}\"\n";
			showEnvVarsInLog = 0;
		};
		9DB69FB63310348FE0CF70E1 /* [CP] Embed Pods Frameworks */ = {
			isa = PBXShellScriptBuildPhase;
			buildActionMask = 2147483647;
			files = (
			);
			inputFileListPaths = (
				"${PODS_ROOT}/Target Support Files/Pods-MyDietDiaryApp/Pods-MyDietDiaryApp-frameworks-${CONFIGURATION}-input-files.xcfilelist",
			);
			name = "[CP] Embed Pods Frameworks";
			outputFileListPaths = (
				"${PODS_ROOT}/Target Support Files/Pods-MyDietDiaryApp/Pods-MyDietDiaryApp-frameworks-${CONFIGURATION}-output-files.xcfilelist",
			);
			runOnlyForDeploymentPostprocessing = 0;
			shellPath = /bin/sh;
			shellScript = "\"${PODS_ROOT}/Target Support Files/Pods-MyDietDiaryApp/Pods-MyDietDiaryApp-frameworks.sh\"\n";
			showEnvVarsInLog = 0;
		};
/* End PBXShellScriptBuildPhase section */

/* Begin PBXSourcesBuildPhase section */
		6BF3E1C429EF6FE900FAEB8D /* Sources */ = {
			isa = PBXSourcesBuildPhase;
			buildActionMask = 2147483647;
			files = (
				6BF3E1D029EF6FE900FAEB8D /* ViewController.swift in Sources */,
				6BF3E1CC29EF6FE900FAEB8D /* AppDelegate.swift in Sources */,
				6BF3E1FC29EF722C00FAEB8D /* MainTabBarController.swift in Sources */,
				6BF3E20029EF750500FAEB8D /* GraphViewController.swift in Sources */,
				6BF3E1FE29EF74E600FAEB8D /* CalendarViewController.swift in Sources */,
				6BF3E1CE29EF6FE900FAEB8D /* SceneDelegate.swift in Sources */,
			);
			runOnlyForDeploymentPostprocessing = 0;
		};
		6BF3E1DA29EF6FEB00FAEB8D /* Sources */ = {
			isa = PBXSourcesBuildPhase;
			buildActionMask = 2147483647;
			files = (
				6BF3E1E329EF6FEB00FAEB8D /* MyDietDiaryAppTests.swift in Sources */,
			);
			runOnlyForDeploymentPostprocessing = 0;
		};
		6BF3E1E429EF6FEB00FAEB8D /* Sources */ = {
			isa = PBXSourcesBuildPhase;
			buildActionMask = 2147483647;
			files = (
				6BF3E1EF29EF6FEB00FAEB8D /* MyDietDiaryAppUITestsLaunchTests.swift in Sources */,
				6BF3E1ED29EF6FEB00FAEB8D /* MyDietDiaryAppUITests.swift in Sources */,
			);
			runOnlyForDeploymentPostprocessing = 0;
		};
/* End PBXSourcesBuildPhase section */

/* Begin PBXTargetDependency section */
		6BF3E1E029EF6FEB00FAEB8D /* PBXTargetDependency */ = {
			isa = PBXTargetDependency;
			target = 6BF3E1C729EF6FE900FAEB8D /* MyDietDiaryApp */;
			targetProxy = 6BF3E1DF29EF6FEB00FAEB8D /* PBXContainerItemProxy */;
		};
		6BF3E1EA29EF6FEB00FAEB8D /* PBXTargetDependency */ = {
			isa = PBXTargetDependency;
			target = 6BF3E1C729EF6FE900FAEB8D /* MyDietDiaryApp */;
			targetProxy = 6BF3E1E929EF6FEB00FAEB8D /* PBXContainerItemProxy */;
		};
/* End PBXTargetDependency section */

/* Begin PBXVariantGroup section */
		6BF3E1D129EF6FEA00FAEB8D /* Main.storyboard */ = {
			isa = PBXVariantGroup;
			children = (
				6BF3E1D229EF6FEA00FAEB8D /* Base */,
			);
			name = Main.storyboard;
			sourceTree = "<group>";
		};
		6BF3E1D629EF6FEB00FAEB8D /* LaunchScreen.storyboard */ = {
			isa = PBXVariantGroup;
			children = (
				6BF3E1D729EF6FEB00FAEB8D /* Base */,
			);
			name = LaunchScreen.storyboard;
			sourceTree = "<group>";
		};
/* End PBXVariantGroup section */

/* Begin XCBuildConfiguration section */
		6BF3E1F029EF6FEB00FAEB8D /* Debug */ = {
			isa = XCBuildConfiguration;
			buildSettings = {
				ALWAYS_SEARCH_USER_PATHS = NO;
				CLANG_ANALYZER_NONNULL = YES;
				CLANG_ANALYZER_NUMBER_OBJECT_CONVERSION = YES_AGGRESSIVE;
				CLANG_CXX_LANGUAGE_STANDARD = "gnu++20";
				CLANG_ENABLE_MODULES = YES;
				CLANG_ENABLE_OBJC_ARC = YES;
				CLANG_ENABLE_OBJC_WEAK = YES;
				CLANG_WARN_BLOCK_CAPTURE_AUTORELEASING = YES;
				CLANG_WARN_BOOL_CONVERSION = YES;
				CLANG_WARN_COMMA = YES;
				CLANG_WARN_CONSTANT_CONVERSION = YES;
				CLANG_WARN_DEPRECATED_OBJC_IMPLEMENTATIONS = YES;
				CLANG_WARN_DIRECT_OBJC_ISA_USAGE = YES_ERROR;
				CLANG_WARN_DOCUMENTATION_COMMENTS = YES;
				CLANG_WARN_EMPTY_BODY = YES;
				CLANG_WARN_ENUM_CONVERSION = YES;
				CLANG_WARN_INFINITE_RECURSION = YES;
				CLANG_WARN_INT_CONVERSION = YES;
				CLANG_WARN_NON_LITERAL_NULL_CONVERSION = YES;
				CLANG_WARN_OBJC_IMPLICIT_RETAIN_SELF = YES;
				CLANG_WARN_OBJC_LITERAL_CONVERSION = YES;
				CLANG_WARN_OBJC_ROOT_CLASS = YES_ERROR;
				CLANG_WARN_QUOTED_INCLUDE_IN_FRAMEWORK_HEADER = YES;
				CLANG_WARN_RANGE_LOOP_ANALYSIS = YES;
				CLANG_WARN_STRICT_PROTOTYPES = YES;
				CLANG_WARN_SUSPICIOUS_MOVE = YES;
				CLANG_WARN_UNGUARDED_AVAILABILITY = YES_AGGRESSIVE;
				CLANG_WARN_UNREACHABLE_CODE = YES;
				CLANG_WARN__DUPLICATE_METHOD_MATCH = YES;
				COPY_PHASE_STRIP = NO;
				DEBUG_INFORMATION_FORMAT = dwarf;
				ENABLE_STRICT_OBJC_MSGSEND = YES;
				ENABLE_TESTABILITY = YES;
				GCC_C_LANGUAGE_STANDARD = gnu11;
				GCC_DYNAMIC_NO_PIC = NO;
				GCC_NO_COMMON_BLOCKS = YES;
				GCC_OPTIMIZATION_LEVEL = 0;
				GCC_PREPROCESSOR_DEFINITIONS = (
					"DEBUG=1",
					"$(inherited)",
				);
				GCC_WARN_64_TO_32_BIT_CONVERSION = YES;
				GCC_WARN_ABOUT_RETURN_TYPE = YES_ERROR;
				GCC_WARN_UNDECLARED_SELECTOR = YES;
				GCC_WARN_UNINITIALIZED_AUTOS = YES_AGGRESSIVE;
				GCC_WARN_UNUSED_FUNCTION = YES;
				GCC_WARN_UNUSED_VARIABLE = YES;
				IPHONEOS_DEPLOYMENT_TARGET = 16.4;
				MTL_ENABLE_DEBUG_INFO = INCLUDE_SOURCE;
				MTL_FAST_MATH = YES;
				ONLY_ACTIVE_ARCH = YES;
				SDKROOT = iphoneos;
				SWIFT_ACTIVE_COMPILATION_CONDITIONS = DEBUG;
				SWIFT_OPTIMIZATION_LEVEL = "-Onone";
			};
			name = Debug;
		};
		6BF3E1F129EF6FEB00FAEB8D /* Release */ = {
			isa = XCBuildConfiguration;
			buildSettings = {
				ALWAYS_SEARCH_USER_PATHS = NO;
				CLANG_ANALYZER_NONNULL = YES;
				CLANG_ANALYZER_NUMBER_OBJECT_CONVERSION = YES_AGGRESSIVE;
				CLANG_CXX_LANGUAGE_STANDARD = "gnu++20";
				CLANG_ENABLE_MODULES = YES;
				CLANG_ENABLE_OBJC_ARC = YES;
				CLANG_ENABLE_OBJC_WEAK = YES;
				CLANG_WARN_BLOCK_CAPTURE_AUTORELEASING = YES;
				CLANG_WARN_BOOL_CONVERSION = YES;
				CLANG_WARN_COMMA = YES;
				CLANG_WARN_CONSTANT_CONVERSION = YES;
				CLANG_WARN_DEPRECATED_OBJC_IMPLEMENTATIONS = YES;
				CLANG_WARN_DIRECT_OBJC_ISA_USAGE = YES_ERROR;
				CLANG_WARN_DOCUMENTATION_COMMENTS = YES;
				CLANG_WARN_EMPTY_BODY = YES;
				CLANG_WARN_ENUM_CONVERSION = YES;
				CLANG_WARN_INFINITE_RECURSION = YES;
				CLANG_WARN_INT_CONVERSION = YES;
				CLANG_WARN_NON_LITERAL_NULL_CONVERSION = YES;
				CLANG_WARN_OBJC_IMPLICIT_RETAIN_SELF = YES;
				CLANG_WARN_OBJC_LITERAL_CONVERSION = YES;
				CLANG_WARN_OBJC_ROOT_CLASS = YES_ERROR;
				CLANG_WARN_QUOTED_INCLUDE_IN_FRAMEWORK_HEADER = YES;
				CLANG_WARN_RANGE_LOOP_ANALYSIS = YES;
				CLANG_WARN_STRICT_PROTOTYPES = YES;
				CLANG_WARN_SUSPICIOUS_MOVE = YES;
				CLANG_WARN_UNGUARDED_AVAILABILITY = YES_AGGRESSIVE;
				CLANG_WARN_UNREACHABLE_CODE = YES;
				CLANG_WARN__DUPLICATE_METHOD_MATCH = YES;
				COPY_PHASE_STRIP = NO;
				DEBUG_INFORMATION_FORMAT = "dwarf-with-dsym";
				ENABLE_NS_ASSERTIONS = NO;
				ENABLE_STRICT_OBJC_MSGSEND = YES;
				GCC_C_LANGUAGE_STANDARD = gnu11;
				GCC_NO_COMMON_BLOCKS = YES;
				GCC_WARN_64_TO_32_BIT_CONVERSION = YES;
				GCC_WARN_ABOUT_RETURN_TYPE = YES_ERROR;
				GCC_WARN_UNDECLARED_SELECTOR = YES;
				GCC_WARN_UNINITIALIZED_AUTOS = YES_AGGRESSIVE;
				GCC_WARN_UNUSED_FUNCTION = YES;
				GCC_WARN_UNUSED_VARIABLE = YES;
				IPHONEOS_DEPLOYMENT_TARGET = 16.4;
				MTL_ENABLE_DEBUG_INFO = NO;
				MTL_FAST_MATH = YES;
				SDKROOT = iphoneos;
				SWIFT_COMPILATION_MODE = wholemodule;
				SWIFT_OPTIMIZATION_LEVEL = "-O";
				VALIDATE_PRODUCT = YES;
			};
			name = Release;
		};
		6BF3E1F329EF6FEB00FAEB8D /* Debug */ = {
			isa = XCBuildConfiguration;
			baseConfigurationReference = E69CC15D4780A532FB5CBD59 /* Pods-MyDietDiaryApp.debug.xcconfig */;
			buildSettings = {
				ASSETCATALOG_COMPILER_APPICON_NAME = AppIcon;
				ASSETCATALOG_COMPILER_GLOBAL_ACCENT_COLOR_NAME = AccentColor;
				CODE_SIGN_STYLE = Automatic;
				CURRENT_PROJECT_VERSION = 1;
				GENERATE_INFOPLIST_FILE = YES;
				INFOPLIST_FILE = MyDietDiaryApp/Info.plist;
				INFOPLIST_KEY_UIApplicationSupportsIndirectInputEvents = YES;
				INFOPLIST_KEY_UILaunchStoryboardName = LaunchScreen;
				INFOPLIST_KEY_UIMainStoryboardFile = Main;
				INFOPLIST_KEY_UISupportedInterfaceOrientations_iPad = "UIInterfaceOrientationPortrait UIInterfaceOrientationPortraitUpsideDown UIInterfaceOrientationLandscapeLeft UIInterfaceOrientationLandscapeRight";
				INFOPLIST_KEY_UISupportedInterfaceOrientations_iPhone = "UIInterfaceOrientationPortrait UIInterfaceOrientationLandscapeLeft UIInterfaceOrientationLandscapeRight";
				LD_RUNPATH_SEARCH_PATHS = (
					"$(inherited)",
					"@executable_path/Frameworks",
				);
				MARKETING_VERSION = 1.0;
				PRODUCT_BUNDLE_IDENTIFIER = "KANTA-TOKITO.MyDietDiaryApp";
				PRODUCT_NAME = "$(TARGET_NAME)";
				SWIFT_EMIT_LOC_STRINGS = YES;
				SWIFT_VERSION = 5.0;
				TARGETED_DEVICE_FAMILY = "1,2";
			};
			name = Debug;
		};
		6BF3E1F429EF6FEB00FAEB8D /* Release */ = {
			isa = XCBuildConfiguration;
			baseConfigurationReference = 0362FEE0C6B2DD61FFDA7C54 /* Pods-MyDietDiaryApp.release.xcconfig */;
			buildSettings = {
				ASSETCATALOG_COMPILER_APPICON_NAME = AppIcon;
				ASSETCATALOG_COMPILER_GLOBAL_ACCENT_COLOR_NAME = AccentColor;
				CODE_SIGN_STYLE = Automatic;
				CURRENT_PROJECT_VERSION = 1;
				GENERATE_INFOPLIST_FILE = YES;
				INFOPLIST_FILE = MyDietDiaryApp/Info.plist;
				INFOPLIST_KEY_UIApplicationSupportsIndirectInputEvents = YES;
				INFOPLIST_KEY_UILaunchStoryboardName = LaunchScreen;
				INFOPLIST_KEY_UIMainStoryboardFile = Main;
				INFOPLIST_KEY_UISupportedInterfaceOrientations_iPad = "UIInterfaceOrientationPortrait UIInterfaceOrientationPortraitUpsideDown UIInterfaceOrientationLandscapeLeft UIInterfaceOrientationLandscapeRight";
				INFOPLIST_KEY_UISupportedInterfaceOrientations_iPhone = "UIInterfaceOrientationPortrait UIInterfaceOrientationLandscapeLeft UIInterfaceOrientationLandscapeRight";
				LD_RUNPATH_SEARCH_PATHS = (
					"$(inherited)",
					"@executable_path/Frameworks",
				);
				MARKETING_VERSION = 1.0;
				PRODUCT_BUNDLE_IDENTIFIER = "KANTA-TOKITO.MyDietDiaryApp";
				PRODUCT_NAME = "$(TARGET_NAME)";
				SWIFT_EMIT_LOC_STRINGS = YES;
				SWIFT_VERSION = 5.0;
				TARGETED_DEVICE_FAMILY = "1,2";
			};
			name = Release;
		};
		6BF3E1F629EF6FEB00FAEB8D /* Debug */ = {
			isa = XCBuildConfiguration;
			baseConfigurationReference = EE57FC485CBE8FC72A40B644 /* Pods-MyDietDiaryAppTests.debug.xcconfig */;
			buildSettings = {
				ALWAYS_EMBED_SWIFT_STANDARD_LIBRARIES = YES;
				BUNDLE_LOADER = "$(TEST_HOST)";
				CODE_SIGN_STYLE = Automatic;
				CURRENT_PROJECT_VERSION = 1;
				GENERATE_INFOPLIST_FILE = YES;
				IPHONEOS_DEPLOYMENT_TARGET = 16.4;
				MARKETING_VERSION = 1.0;
				PRODUCT_BUNDLE_IDENTIFIER = "KANTA-TOKITO.MyDietDiaryAppTests";
				PRODUCT_NAME = "$(TARGET_NAME)";
				SWIFT_EMIT_LOC_STRINGS = NO;
				SWIFT_VERSION = 5.0;
				TARGETED_DEVICE_FAMILY = "1,2";
				TEST_HOST = "$(BUILT_PRODUCTS_DIR)/MyDietDiaryApp.app/$(BUNDLE_EXECUTABLE_FOLDER_PATH)/MyDietDiaryApp";
			};
			name = Debug;
		};
		6BF3E1F729EF6FEB00FAEB8D /* Release */ = {
			isa = XCBuildConfiguration;
			baseConfigurationReference = 301464993AC9CEEA45AB3967 /* Pods-MyDietDiaryAppTests.release.xcconfig */;
			buildSettings = {
				ALWAYS_EMBED_SWIFT_STANDARD_LIBRARIES = YES;
				BUNDLE_LOADER = "$(TEST_HOST)";
				CODE_SIGN_STYLE = Automatic;
				CURRENT_PROJECT_VERSION = 1;
				GENERATE_INFOPLIST_FILE = YES;
				IPHONEOS_DEPLOYMENT_TARGET = 16.4;
				MARKETING_VERSION = 1.0;
				PRODUCT_BUNDLE_IDENTIFIER = "KANTA-TOKITO.MyDietDiaryAppTests";
				PRODUCT_NAME = "$(TARGET_NAME)";
				SWIFT_EMIT_LOC_STRINGS = NO;
				SWIFT_VERSION = 5.0;
				TARGETED_DEVICE_FAMILY = "1,2";
				TEST_HOST = "$(BUILT_PRODUCTS_DIR)/MyDietDiaryApp.app/$(BUNDLE_EXECUTABLE_FOLDER_PATH)/MyDietDiaryApp";
			};
			name = Release;
		};
		6BF3E1F929EF6FEB00FAEB8D /* Debug */ = {
			isa = XCBuildConfiguration;
			baseConfigurationReference = 40893B4C8ACEA0D9E006F3DE /* Pods-MyDietDiaryApp-MyDietDiaryAppUITests.debug.xcconfig */;
			buildSettings = {
				ALWAYS_EMBED_SWIFT_STANDARD_LIBRARIES = YES;
				CODE_SIGN_STYLE = Automatic;
				CURRENT_PROJECT_VERSION = 1;
				GENERATE_INFOPLIST_FILE = YES;
				MARKETING_VERSION = 1.0;
				PRODUCT_BUNDLE_IDENTIFIER = "KANTA-TOKITO.MyDietDiaryAppUITests";
				PRODUCT_NAME = "$(TARGET_NAME)";
				SWIFT_EMIT_LOC_STRINGS = NO;
				SWIFT_VERSION = 5.0;
				TARGETED_DEVICE_FAMILY = "1,2";
				TEST_TARGET_NAME = MyDietDiaryApp;
			};
			name = Debug;
		};
		6BF3E1FA29EF6FEB00FAEB8D /* Release */ = {
			isa = XCBuildConfiguration;
			baseConfigurationReference = 699AF4D046D5A3796E79773E /* Pods-MyDietDiaryApp-MyDietDiaryAppUITests.release.xcconfig */;
			buildSettings = {
				ALWAYS_EMBED_SWIFT_STANDARD_LIBRARIES = YES;
				CODE_SIGN_STYLE = Automatic;
				CURRENT_PROJECT_VERSION = 1;
				GENERATE_INFOPLIST_FILE = YES;
				MARKETING_VERSION = 1.0;
				PRODUCT_BUNDLE_IDENTIFIER = "KANTA-TOKITO.MyDietDiaryAppUITests";
				PRODUCT_NAME = "$(TARGET_NAME)";
				SWIFT_EMIT_LOC_STRINGS = NO;
				SWIFT_VERSION = 5.0;
				TARGETED_DEVICE_FAMILY = "1,2";
				TEST_TARGET_NAME = MyDietDiaryApp;
			};
			name = Release;
		};
/* End XCBuildConfiguration section */

/* Begin XCConfigurationList section */
		6BF3E1C329EF6FE900FAEB8D /* Build configuration list for PBXProject "MyDietDiaryApp" */ = {
			isa = XCConfigurationList;
			buildConfigurations = (
				6BF3E1F029EF6FEB00FAEB8D /* Debug */,
				6BF3E1F129EF6FEB00FAEB8D /* Release */,
			);
			defaultConfigurationIsVisible = 0;
			defaultConfigurationName = Release;
		};
		6BF3E1F229EF6FEB00FAEB8D /* Build configuration list for PBXNativeTarget "MyDietDiaryApp" */ = {
			isa = XCConfigurationList;
			buildConfigurations = (
				6BF3E1F329EF6FEB00FAEB8D /* Debug */,
				6BF3E1F429EF6FEB00FAEB8D /* Release */,
			);
			defaultConfigurationIsVisible = 0;
			defaultConfigurationName = Release;
		};
		6BF3E1F529EF6FEB00FAEB8D /* Build configuration list for PBXNativeTarget "MyDietDiaryAppTests" */ = {
			isa = XCConfigurationList;
			buildConfigurations = (
				6BF3E1F629EF6FEB00FAEB8D /* Debug */,
				6BF3E1F729EF6FEB00FAEB8D /* Release */,
			);
			defaultConfigurationIsVisible = 0;
			defaultConfigurationName = Release;
		};
		6BF3E1F829EF6FEB00FAEB8D /* Build configuration list for PBXNativeTarget "MyDietDiaryAppUITests" */ = {
			isa = XCConfigurationList;
			buildConfigurations = (
				6BF3E1F929EF6FEB00FAEB8D /* Debug */,
				6BF3E1FA29EF6FEB00FAEB8D /* Release */,
			);
			defaultConfigurationIsVisible = 0;
			defaultConfigurationName = Release;
		};
/* End XCConfigurationList section */
	};
	rootObject = 6BF3E1C029EF6FE900FAEB8D /* Project object */;
}
